
Microsoft Visual Studio Solution File, Format Version 12.00
# Visual Studio Version 16
VisualStudioVersion = 16.0.30330.147
MinimumVisualStudioVersion = 10.0.40219.1
Project("{FAE04EC0-301F-11D3-BF4B-00C04F79EFBC}") = "WindowsFormsApp1", "WindowsFormsApp1.csproj", "{B833E303-81C0-4DEE-B54C-6F14BC1C6537}"
EndProject
Global
	GlobalSection(SolutionConfigurationPlatforms) = preSolution
		Debug|Any CPU = Debug|Any CPU
		Release|Any CPU = Release|Any CPU
	EndGlobalSection
	GlobalSection(ProjectConfigurationPlatforms) = postSolution
		{B833E303-81C0-4DEE-B54C-6F14BC1C6537}.Debug|Any CPU.ActiveCfg = Debug|Any CPU
		{B833E303-81C0-4DEE-B54C-6F14BC1C6537}.Debug|Any CPU.Build.0 = Debug|Any CPU
		{B833E303-81C0-4DEE-B54C-6F14BC1C6537}.Release|Any CPU.ActiveCfg = Release|Any CPU
		{B833E303-81C0-4DEE-B54C-6F14BC1C6537}.Release|Any CPU.Build.0 = Release|Any CPU
	EndGlobalSection
	GlobalSection(SolutionProperties) = preSolution
		HideSolutionNode = FALSE
	EndGlobalSection
	GlobalSection(ExtensibilityGlobals) = postSolution
		SolutionGuid = {5D8B0272-90AF-47BA-B62D-068C527E3A8F}
	EndGlobalSection
EndGlobal
