
Microsoft Visual Studio Solution File, Format Version 12.00
# Visual Studio Version 16
VisualStudioVersion = 16.0.30330.147
MinimumVisualStudioVersion = 10.0.40219.1
Project("{FAE04EC0-301F-11D3-BF4B-00C04F79EFBC}") = "TP3", "TP3.csproj", "{A4907F06-F553-421E-8DA3-E5B88BF5B9EC}"
EndProject
Global
	GlobalSection(SolutionConfigurationPlatforms) = preSolution
		Debug|Any CPU = Debug|Any CPU
		Release|Any CPU = Release|Any CPU
	EndGlobalSection
	GlobalSection(ProjectConfigurationPlatforms) = postSolution
		{A4907F06-F553-421E-8DA3-E5B88BF5B9EC}.Debug|Any CPU.ActiveCfg = Debug|Any CPU
		{A4907F06-F553-421E-8DA3-E5B88BF5B9EC}.Debug|Any CPU.Build.0 = Debug|Any CPU
		{A4907F06-F553-421E-8DA3-E5B88BF5B9EC}.Release|Any CPU.ActiveCfg = Release|Any CPU
		{A4907F06-F553-421E-8DA3-E5B88BF5B9EC}.Release|Any CPU.Build.0 = Release|Any CPU
	EndGlobalSection
	GlobalSection(SolutionProperties) = preSolution
		HideSolutionNode = FALSE
	EndGlobalSection
	GlobalSection(ExtensibilityGlobals) = postSolution
		SolutionGuid = {24F592BA-8E4C-4271-93B3-AD01803688BE}
	EndGlobalSection
EndGlobal
