
Microsoft Visual Studio Solution File, Format Version 12.00
# Visual Studio Version 16
VisualStudioVersion = 16.0.30330.147
MinimumVisualStudioVersion = 10.0.40219.1
Project("{FAE04EC0-301F-11D3-BF4B-00C04F79EFBC}") = "TP5", "TP5.csproj", "{329A401F-03B0-4C65-9AE4-33E7DD479D71}"
EndProject
Global
	GlobalSection(SolutionConfigurationPlatforms) = preSolution
		Debug|Any CPU = Debug|Any CPU
		Release|Any CPU = Release|Any CPU
	EndGlobalSection
	GlobalSection(ProjectConfigurationPlatforms) = postSolution
		{329A401F-03B0-4C65-9AE4-33E7DD479D71}.Debug|Any CPU.ActiveCfg = Debug|Any CPU
		{329A401F-03B0-4C65-9AE4-33E7DD479D71}.Debug|Any CPU.Build.0 = Debug|Any CPU
		{329A401F-03B0-4C65-9AE4-33E7DD479D71}.Release|Any CPU.ActiveCfg = Release|Any CPU
		{329A401F-03B0-4C65-9AE4-33E7DD479D71}.Release|Any CPU.Build.0 = Release|Any CPU
	EndGlobalSection
	GlobalSection(SolutionProperties) = preSolution
		HideSolutionNode = FALSE
	EndGlobalSection
	GlobalSection(ExtensibilityGlobals) = postSolution
		SolutionGuid = {3752006F-A311-45D1-8C04-1A915918E48E}
	EndGlobalSection
EndGlobal
